
Microsoft Visual Studio Solution File, Format Version 12.00
# Visual Studio Version 17
VisualStudioVersion = 17.0.31903.59
MinimumVisualStudioVersion = 10.0.40219.1
Project("{FAE04EC0-301F-11D3-BF4B-00C04F79EFBC}") = "FavGCalSchedulerClone.App", "FavGCalSchedulerClone.App\FavGCalSchedulerClone.App.csproj", "{532C7C34-D7D9-482E-B47E-0AFB5FD5C834}"
EndProject
Project("{FAE04EC0-301F-11D3-BF4B-00C04F79EFBC}") = "FavGCalSchedulerClone.Tests", "FavGCalSchedulerClone.Tests\FavGCalSchedulerClone.Tests.csproj", "{389E83D0-0AB5-42AC-914F-BAD4D19E37F9}"
EndProject
Global
	GlobalSection(SolutionConfigurationPlatforms) = preSolution
		Debug|Any CPU = Debug|Any CPU
		Debug|x64 = Debug|x64
		Debug|x86 = Debug|x86
		Release|Any CPU = Release|Any CPU
		Release|x64 = Release|x64
		Release|x86 = Release|x86
	EndGlobalSection
	GlobalSection(ProjectConfigurationPlatforms) = postSolution
		{532C7C34-D7D9-482E-B47E-0AFB5FD5C834}.Debug|Any CPU.ActiveCfg = Debug|Any CPU
		{532C7C34-D7D9-482E-B47E-0AFB5FD5C834}.Debug|Any CPU.Build.0 = Debug|Any CPU
		{532C7C34-D7D9-482E-B47E-0AFB5FD5C834}.Debug|x64.ActiveCfg = Debug|Any CPU
		{532C7C34-D7D9-482E-B47E-0AFB5FD5C834}.Debug|x64.Build.0 = Debug|Any CPU
		{532C7C34-D7D9-482E-B47E-0AFB5FD5C834}.Debug|x86.ActiveCfg = Debug|Any CPU
		{532C7C34-D7D9-482E-B47E-0AFB5FD5C834}.Debug|x86.Build.0 = Debug|Any CPU
		{532C7C34-D7D9-482E-B47E-0AFB5FD5C834}.Release|Any CPU.ActiveCfg = Release|Any CPU
		{532C7C34-D7D9-482E-B47E-0AFB5FD5C834}.Release|Any CPU.Build.0 = Release|Any CPU
		{532C7C34-D7D9-482E-B47E-0AFB5FD5C834}.Release|x64.ActiveCfg = Release|Any CPU
		{532C7C34-D7D9-482E-B47E-0AFB5FD5C834}.Release|x64.Build.0 = Release|Any CPU
		{532C7C34-D7D9-482E-B47E-0AFB5FD5C834}.Release|x86.ActiveCfg = Release|Any CPU
		{532C7C34-D7D9-482E-B47E-0AFB5FD5C834}.Release|x86.Build.0 = Release|Any CPU
		{389E83D0-0AB5-42AC-914F-BAD4D19E37F9}.Debug|Any CPU.ActiveCfg = Debug|Any CPU
		{389E83D0-0AB5-42AC-914F-BAD4D19E37F9}.Debug|Any CPU.Build.0 = Debug|Any CPU
		{389E83D0-0AB5-42AC-914F-BAD4D19E37F9}.Debug|x64.ActiveCfg = Debug|Any CPU
		{389E83D0-0AB5-42AC-914F-BAD4D19E37F9}.Debug|x64.Build.0 = Debug|Any CPU
		{389E83D0-0AB5-42AC-914F-BAD4D19E37F9}.Debug|x86.ActiveCfg = Debug|Any CPU
		{389E83D0-0AB5-42AC-914F-BAD4D19E37F9}.Debug|x86.Build.0 = Debug|Any CPU
		{389E83D0-0AB5-42AC-914F-BAD4D19E37F9}.Release|Any CPU.ActiveCfg = Release|Any CPU
		{389E83D0-0AB5-42AC-914F-BAD4D19E37F9}.Release|Any CPU.Build.0 = Release|Any CPU
		{389E83D0-0AB5-42AC-914F-BAD4D19E37F9}.Release|x64.ActiveCfg = Release|Any CPU
		{389E83D0-0AB5-42AC-914F-BAD4D19E37F9}.Release|x64.Build.0 = Release|Any CPU
		{389E83D0-0AB5-42AC-914F-BAD4D19E37F9}.Release|x86.ActiveCfg = Release|Any CPU
		{389E83D0-0AB5-42AC-914F-BAD4D19E37F9}.Release|x86.Build.0 = Release|Any CPU
	EndGlobalSection
	GlobalSection(SolutionProperties) = preSolution
		HideSolutionNode = FALSE
	EndGlobalSection
EndGlobal
